// !$*UTF8*$!
{
	archiveVersion = 1;
	classes = {
	};
	objectVersion = 55;
	objects = {

/* Begin PBXBuildFile section */
		17A8019827FCA04700132340 /* AppDelegate.swift in Sources */ = {isa = PBXBuildFile; fileRef = 17A8019727FCA04700132340 /* AppDelegate.swift */; };
		17A8019A27FCA04700132340 /* SceneDelegate.swift in Sources */ = {isa = PBXBuildFile; fileRef = 17A8019927FCA04700132340 /* SceneDelegate.swift */; };
		17A8019C27FCA04700132340 /* LocationListViewController.swift in Sources */ = {isa = PBXBuildFile; fileRef = 17A8019B27FCA04700132340 /* LocationListViewController.swift */; };
		17A8019F27FCA04700132340 /* Main.storyboard in Resources */ = {isa = PBXBuildFile; fileRef = 17A8019D27FCA04700132340 /* Main.storyboard */; };
		17A801A127FCA04A00132340 /* Assets.xcassets in Resources */ = {isa = PBXBuildFile; fileRef = 17A801A027FCA04A00132340 /* Assets.xcassets */; };
		17A801A427FCA04A00132340 /* LaunchScreen.storyboard in Resources */ = {isa = PBXBuildFile; fileRef = 17A801A227FCA04A00132340 /* LaunchScreen.storyboard */; };
		17A801AF27FCA04A00132340 /* MyLocationAppTests.swift in Sources */ = {isa = PBXBuildFile; fileRef = 17A801AE27FCA04A00132340 /* MyLocationAppTests.swift */; };
		17A801B927FCA04A00132340 /* MyLocationAppUITests.swift in Sources */ = {isa = PBXBuildFile; fileRef = 17A801B827FCA04A00132340 /* MyLocationAppUITests.swift */; };
		17A801BB27FCA04A00132340 /* MyLocationAppUITestsLaunchTests.swift in Sources */ = {isa = PBXBuildFile; fileRef = 17A801BA27FCA04A00132340 /* MyLocationAppUITestsLaunchTests.swift */; };
		17A801CC27FCC8D700132340 /* HttpUtility.swift in Sources */ = {isa = PBXBuildFile; fileRef = 17A801CB27FCC8D700132340 /* HttpUtility.swift */; };
		17A801CF27FCCBB800132340 /* LocationResponse.swift in Sources */ = {isa = PBXBuildFile; fileRef = 17A801CE27FCCBB700132340 /* LocationResponse.swift */; };
		17A801D127FCCF4200132340 /* LocationsViewModel.swift in Sources */ = {isa = PBXBuildFile; fileRef = 17A801D027FCCF4200132340 /* LocationsViewModel.swift */; };
		17A801D627FD9E0800132340 /* LocationCellTableViewCell.swift in Sources */ = {isa = PBXBuildFile; fileRef = 17A801D427FD9E0700132340 /* LocationCellTableViewCell.swift */; };
		17A801D727FD9E0800132340 /* LocationCellTableViewCell.xib in Resources */ = {isa = PBXBuildFile; fileRef = 17A801D527FD9E0800132340 /* LocationCellTableViewCell.xib */; };
		17A801E127FDE26F00132340 /* LocationCaptureViewController.swift in Sources */ = {isa = PBXBuildFile; fileRef = 17A801E027FDE26F00132340 /* LocationCaptureViewController.swift */; };
/* End PBXBuildFile section */

/* Begin PBXContainerItemProxy section */
		17A801AB27FCA04A00132340 /* PBXContainerItemProxy */ = {
			isa = PBXContainerItemProxy;
			containerPortal = 17A8018C27FCA04700132340 /* Project object */;
			proxyType = 1;
			remoteGlobalIDString = 17A8019327FCA04700132340;
			remoteInfo = MyLocationApp;
		};
		17A801B527FCA04A00132340 /* PBXContainerItemProxy */ = {
			isa = PBXContainerItemProxy;
			containerPortal = 17A8018C27FCA04700132340 /* Project object */;
			proxyType = 1;
			remoteGlobalIDString = 17A8019327FCA04700132340;
			remoteInfo = MyLocationApp;
		};
/* End PBXContainerItemProxy section */

/* Begin PBXFileReference section */
		17A8019427FCA04700132340 /* MyLocationApp.app */ = {isa = PBXFileReference; explicitFileType = wrapper.application; includeInIndex = 0; path = MyLocationApp.app; sourceTree = BUILT_PRODUCTS_DIR; };
		17A8019727FCA04700132340 /* AppDelegate.swift */ = {isa = PBXFileReference; lastKnownFileType = sourcecode.swift; path = AppDelegate.swift; sourceTree = "<group>"; };
		17A8019927FCA04700132340 /* SceneDelegate.swift */ = {isa = PBXFileReference; lastKnownFileType = sourcecode.swift; path = SceneDelegate.swift; sourceTree = "<group>"; };
		17A8019B27FCA04700132340 /* LocationListViewController.swift */ = {isa = PBXFileReference; lastKnownFileType = sourcecode.swift; path = LocationListViewController.swift; sourceTree = "<group>"; };
		17A8019E27FCA04700132340 /* Base */ = {isa = PBXFileReference; lastKnownFileType = file.storyboard; name = Base; path = Base.lproj/Main.storyboard; sourceTree = "<group>"; };
		17A801A027FCA04A00132340 /* Assets.xcassets */ = {isa = PBXFileReference; lastKnownFileType = folder.assetcatalog; path = Assets.xcassets; sourceTree = "<group>"; };
		17A801A327FCA04A00132340 /* Base */ = {isa = PBXFileReference; lastKnownFileType = file.storyboard; name = Base; path = Base.lproj/LaunchScreen.storyboard; sourceTree = "<group>"; };
		17A801A527FCA04A00132340 /* Info.plist */ = {isa = PBXFileReference; lastKnownFileType = text.plist.xml; path = Info.plist; sourceTree = "<group>"; };
		17A801AA27FCA04A00132340 /* MyLocationAppTests.xctest */ = {isa = PBXFileReference; explicitFileType = wrapper.cfbundle; includeInIndex = 0; path = MyLocationAppTests.xctest; sourceTree = BUILT_PRODUCTS_DIR; };
		17A801AE27FCA04A00132340 /* MyLocationAppTests.swift */ = {isa = PBXFileReference; lastKnownFileType = sourcecode.swift; path = MyLocationAppTests.swift; sourceTree = "<group>"; };
		17A801B427FCA04A00132340 /* MyLocationAppUITests.xctest */ = {isa = PBXFileReference; explicitFileType = wrapper.cfbundle; includeInIndex = 0; path = MyLocationAppUITests.xctest; sourceTree = BUILT_PRODUCTS_DIR; };
		17A801B827FCA04A00132340 /* MyLocationAppUITests.swift */ = {isa = PBXFileReference; lastKnownFileType = sourcecode.swift; path = MyLocationAppUITests.swift; sourceTree = "<group>"; };
		17A801BA27FCA04A00132340 /* MyLocationAppUITestsLaunchTests.swift */ = {isa = PBXFileReference; lastKnownFileType = sourcecode.swift; path = MyLocationAppUITestsLaunchTests.swift; sourceTree = "<group>"; };
		17A801CB27FCC8D700132340 /* HttpUtility.swift */ = {isa = PBXFileReference; lastKnownFileType = sourcecode.swift; path = HttpUtility.swift; sourceTree = "<group>"; };
		17A801CE27FCCBB700132340 /* LocationResponse.swift */ = {isa = PBXFileReference; lastKnownFileType = sourcecode.swift; path = LocationResponse.swift; sourceTree = "<group>"; };
		17A801D027FCCF4200132340 /* LocationsViewModel.swift */ = {isa = PBXFileReference; lastKnownFileType = sourcecode.swift; path = LocationsViewModel.swift; sourceTree = "<group>"; };
		17A801D427FD9E0700132340 /* LocationCellTableViewCell.swift */ = {isa = PBXFileReference; lastKnownFileType = sourcecode.swift; path = LocationCellTableViewCell.swift; sourceTree = "<group>"; };
		17A801D527FD9E0800132340 /* LocationCellTableViewCell.xib */ = {isa = PBXFileReference; lastKnownFileType = file.xib; path = LocationCellTableViewCell.xib; sourceTree = "<group>"; };
		17A801E027FDE26F00132340 /* LocationCaptureViewController.swift */ = {isa = PBXFileReference; lastKnownFileType = sourcecode.swift; path = LocationCaptureViewController.swift; sourceTree = "<group>"; };
/* End PBXFileReference section */

/* Begin PBXFrameworksBuildPhase section */
		17A8019127FCA04700132340 /* Frameworks */ = {
			isa = PBXFrameworksBuildPhase;
			buildActionMask = 2147483647;
			files = (
			);
			runOnlyForDeploymentPostprocessing = 0;
		};
		17A801A727FCA04A00132340 /* Frameworks */ = {
			isa = PBXFrameworksBuildPhase;
			buildActionMask = 2147483647;
			files = (
			);
			runOnlyForDeploymentPostprocessing = 0;
		};
		17A801B127FCA04A00132340 /* Frameworks */ = {
			isa = PBXFrameworksBuildPhase;
			buildActionMask = 2147483647;
			files = (
			);
			runOnlyForDeploymentPostprocessing = 0;
		};
/* End PBXFrameworksBuildPhase section */

/* Begin PBXGroup section */
		17A8018B27FCA04700132340 = {
			isa = PBXGroup;
			children = (
				17A8019627FCA04700132340 /* MyLocationApp */,
				17A801AD27FCA04A00132340 /* MyLocationAppTests */,
				17A801B727FCA04A00132340 /* MyLocationAppUITests */,
				17A8019527FCA04700132340 /* Products */,
			);
			sourceTree = "<group>";
		};
		17A8019527FCA04700132340 /* Products */ = {
			isa = PBXGroup;
			children = (
				17A8019427FCA04700132340 /* MyLocationApp.app */,
				17A801AA27FCA04A00132340 /* MyLocationAppTests.xctest */,
				17A801B427FCA04A00132340 /* MyLocationAppUITests.xctest */,
			);
			name = Products;
			sourceTree = "<group>";
		};
		17A8019627FCA04700132340 /* MyLocationApp */ = {
			isa = PBXGroup;
			children = (
				17A801D327FD9DBD00132340 /* Cell */,
				17A801CA27FCC8B600132340 /* Network */,
				17A801C927FCC5E800132340 /* Model */,
				17A801C827FCC5DF00132340 /* ViewModel */,
				17A801C727FCC5D200132340 /* View */,
				17A8019727FCA04700132340 /* AppDelegate.swift */,
				17A8019927FCA04700132340 /* SceneDelegate.swift */,
				17A8019D27FCA04700132340 /* Main.storyboard */,
				17A801A027FCA04A00132340 /* Assets.xcassets */,
				17A801A227FCA04A00132340 /* LaunchScreen.storyboard */,
				17A801A527FCA04A00132340 /* Info.plist */,
			);
			path = MyLocationApp;
			sourceTree = "<group>";
		};
		17A801AD27FCA04A00132340 /* MyLocationAppTests */ = {
			isa = PBXGroup;
			children = (
				17A801AE27FCA04A00132340 /* MyLocationAppTests.swift */,
			);
			path = MyLocationAppTests;
			sourceTree = "<group>";
		};
		17A801B727FCA04A00132340 /* MyLocationAppUITests */ = {
			isa = PBXGroup;
			children = (
				17A801B827FCA04A00132340 /* MyLocationAppUITests.swift */,
				17A801BA27FCA04A00132340 /* MyLocationAppUITestsLaunchTests.swift */,
			);
			path = MyLocationAppUITests;
			sourceTree = "<group>";
		};
		17A801C727FCC5D200132340 /* View */ = {
			isa = PBXGroup;
			children = (
				17A8019B27FCA04700132340 /* LocationListViewController.swift */,
				17A801E027FDE26F00132340 /* LocationCaptureViewController.swift */,
			);
			path = View;
			sourceTree = "<group>";
		};
		17A801C827FCC5DF00132340 /* ViewModel */ = {
			isa = PBXGroup;
			children = (
				17A801D027FCCF4200132340 /* LocationsViewModel.swift */,
			);
			path = ViewModel;
			sourceTree = "<group>";
		};
		17A801C927FCC5E800132340 /* Model */ = {
			isa = PBXGroup;
			children = (
				17A801CD27FCC94E00132340 /* Response */,
			);
			path = Model;
			sourceTree = "<group>";
		};
		17A801CA27FCC8B600132340 /* Network */ = {
			isa = PBXGroup;
			children = (
				17A801CB27FCC8D700132340 /* HttpUtility.swift */,
			);
			path = Network;
			sourceTree = "<group>";
		};
		17A801CD27FCC94E00132340 /* Response */ = {
			isa = PBXGroup;
			children = (
				17A801CE27FCCBB700132340 /* LocationResponse.swift */,
			);
			path = Response;
			sourceTree = "<group>";
		};
		17A801D327FD9DBD00132340 /* Cell */ = {
			isa = PBXGroup;
			children = (
				17A801D427FD9E0700132340 /* LocationCellTableViewCell.swift */,
				17A801D527FD9E0800132340 /* LocationCellTableViewCell.xib */,
			);
			path = Cell;
			sourceTree = "<group>";
		};
/* End PBXGroup section */

/* Begin PBXNativeTarget section */
		17A8019327FCA04700132340 /* MyLocationApp */ = {
			isa = PBXNativeTarget;
			buildConfigurationList = 17A801BE27FCA04A00132340 /* Build configuration list for PBXNativeTarget "MyLocationApp" */;
			buildPhases = (
				17A8019027FCA04700132340 /* Sources */,
				17A8019127FCA04700132340 /* Frameworks */,
				17A8019227FCA04700132340 /* Resources */,
			);
			buildRules = (
			);
			dependencies = (
			);
			name = MyLocationApp;
			productName = MyLocationApp;
			productReference = 17A8019427FCA04700132340 /* MyLocationApp.app */;
			productType = "com.apple.product-type.application";
		};
		17A801A927FCA04A00132340 /* MyLocationAppTests */ = {
			isa = PBXNativeTarget;
			buildConfigurationList = 17A801C127FCA04A00132340 /* Build configuration list for PBXNativeTarget "MyLocationAppTests" */;
			buildPhases = (
				17A801A627FCA04A00132340 /* Sources */,
				17A801A727FCA04A00132340 /* Frameworks */,
				17A801A827FCA04A00132340 /* Resources */,
			);
			buildRules = (
			);
			dependencies = (
				17A801AC27FCA04A00132340 /* PBXTargetDependency */,
			);
			name = MyLocationAppTests;
			productName = MyLocationAppTests;
			productReference = 17A801AA27FCA04A00132340 /* MyLocationAppTests.xctest */;
			productType = "com.apple.product-type.bundle.unit-test";
		};
		17A801B327FCA04A00132340 /* MyLocationAppUITests */ = {
			isa = PBXNativeTarget;
			buildConfigurationList = 17A801C427FCA04A00132340 /* Build configuration list for PBXNativeTarget "MyLocationAppUITests" */;
			buildPhases = (
				17A801B027FCA04A00132340 /* Sources */,
				17A801B127FCA04A00132340 /* Frameworks */,
				17A801B227FCA04A00132340 /* Resources */,
			);
			buildRules = (
			);
			dependencies = (
				17A801B627FCA04A00132340 /* PBXTargetDependency */,
			);
			name = MyLocationAppUITests;
			productName = MyLocationAppUITests;
			productReference = 17A801B427FCA04A00132340 /* MyLocationAppUITests.xctest */;
			productType = "com.apple.product-type.bundle.ui-testing";
		};
/* End PBXNativeTarget section */

/* Begin PBXProject section */
		17A8018C27FCA04700132340 /* Project object */ = {
			isa = PBXProject;
			attributes = {
				BuildIndependentTargetsInParallel = 1;
				LastSwiftUpdateCheck = 1310;
				LastUpgradeCheck = 1310;
				TargetAttributes = {
					17A8019327FCA04700132340 = {
						CreatedOnToolsVersion = 13.1;
					};
					17A801A927FCA04A00132340 = {
						CreatedOnToolsVersion = 13.1;
						TestTargetID = 17A8019327FCA04700132340;
					};
					17A801B327FCA04A00132340 = {
						CreatedOnToolsVersion = 13.1;
						TestTargetID = 17A8019327FCA04700132340;
					};
				};
			};
			buildConfigurationList = 17A8018F27FCA04700132340 /* Build configuration list for PBXProject "MyLocationApp" */;
			compatibilityVersion = "Xcode 13.0";
			developmentRegion = en;
			hasScannedForEncodings = 0;
			knownRegions = (
				en,
				Base,
			);
			mainGroup = 17A8018B27FCA04700132340;
			productRefGroup = 17A8019527FCA04700132340 /* Products */;
			projectDirPath = "";
			projectRoot = "";
			targets = (
				17A8019327FCA04700132340 /* MyLocationApp */,
				17A801A927FCA04A00132340 /* MyLocationAppTests */,
				17A801B327FCA04A00132340 /* MyLocationAppUITests */,
			);
		};
/* End PBXProject section */

/* Begin PBXResourcesBuildPhase section */
		17A8019227FCA04700132340 /* Resources */ = {
			isa = PBXResourcesBuildPhase;
			buildActionMask = 2147483647;
			files = (
				17A801A427FCA04A00132340 /* LaunchScreen.storyboard in Resources */,
				17A801A127FCA04A00132340 /* Assets.xcassets in Resources */,
				17A801D727FD9E0800132340 /* LocationCellTableViewCell.xib in Resources */,
				17A8019F27FCA04700132340 /* Main.storyboard in Resources */,
			);
			runOnlyForDeploymentPostprocessing = 0;
		};
		17A801A827FCA04A00132340 /* Resources */ = {
			isa = PBXResourcesBuildPhase;
			buildActionMask = 2147483647;
			files = (
			);
			runOnlyForDeploymentPostprocessing = 0;
		};
		17A801B227FCA04A00132340 /* Resources */ = {
			isa = PBXResourcesBuildPhase;
			buildActionMask = 2147483647;
			files = (
			);
			runOnlyForDeploymentPostprocessing = 0;
		};
/* End PBXResourcesBuildPhase section */

/* Begin PBXSourcesBuildPhase section */
		17A8019027FCA04700132340 /* Sources */ = {
			isa = PBXSourcesBuildPhase;
			buildActionMask = 2147483647;
			files = (
				17A801CC27FCC8D700132340 /* HttpUtility.swift in Sources */,
				17A801D127FCCF4200132340 /* LocationsViewModel.swift in Sources */,
				17A801E127FDE26F00132340 /* LocationCaptureViewController.swift in Sources */,
				17A801D627FD9E0800132340 /* LocationCellTableViewCell.swift in Sources */,
				17A801CF27FCCBB800132340 /* LocationResponse.swift in Sources */,
				17A8019C27FCA04700132340 /* LocationListViewController.swift in Sources */,
				17A8019827FCA04700132340 /* AppDelegate.swift in Sources */,
				17A8019A27FCA04700132340 /* SceneDelegate.swift in Sources */,
			);
			runOnlyForDeploymentPostprocessing = 0;
		};
		17A801A627FCA04A00132340 /* Sources */ = {
			isa = PBXSourcesBuildPhase;
			buildActionMask = 2147483647;
			files = (
				17A801AF27FCA04A00132340 /* MyLocationAppTests.swift in Sources */,
			);
			runOnlyForDeploymentPostprocessing = 0;
		};
		17A801B027FCA04A00132340 /* Sources */ = {
			isa = PBXSourcesBuildPhase;
			buildActionMask = 2147483647;
			files = (
				17A801B927FCA04A00132340 /* MyLocationAppUITests.swift in Sources */,
				17A801BB27FCA04A00132340 /* MyLocationAppUITestsLaunchTests.swift in Sources */,
			);
			runOnlyForDeploymentPostprocessing = 0;
		};
/* End PBXSourcesBuildPhase section */

/* Begin PBXTargetDependency section */
		17A801AC27FCA04A00132340 /* PBXTargetDependency */ = {
			isa = PBXTargetDependency;
			target = 17A8019327FCA04700132340 /* MyLocationApp */;
			targetProxy = 17A801AB27FCA04A00132340 /* PBXContainerItemProxy */;
		};
		17A801B627FCA04A00132340 /* PBXTargetDependency */ = {
			isa = PBXTargetDependency;
			target = 17A8019327FCA04700132340 /* MyLocationApp */;
			targetProxy = 17A801B527FCA04A00132340 /* PBXContainerItemProxy */;
		};
/* End PBXTargetDependency section */

/* Begin PBXVariantGroup section */
		17A8019D27FCA04700132340 /* Main.storyboard */ = {
			isa = PBXVariantGroup;
			children = (
				17A8019E27FCA04700132340 /* Base */,
			);
			name = Main.storyboard;
			sourceTree = "<group>";
		};
		17A801A227FCA04A00132340 /* LaunchScreen.storyboard */ = {
			isa = PBXVariantGroup;
			children = (
				17A801A327FCA04A00132340 /* Base */,
			);
			name = LaunchScreen.storyboard;
			sourceTree = "<group>";
		};
/* End PBXVariantGroup section */

/* Begin XCBuildConfiguration section */
		17A801BC27FCA04A00132340 /* Debug */ = {
			isa = XCBuildConfiguration;
			buildSettings = {
				ALWAYS_SEARCH_USER_PATHS = NO;
				CLANG_ANALYZER_NONNULL = YES;
				CLANG_ANALYZER_NUMBER_OBJECT_CONVERSION = YES_AGGRESSIVE;
				CLANG_CXX_LANGUAGE_STANDARD = "gnu++17";
				CLANG_CXX_LIBRARY = "libc++";
				CLANG_ENABLE_MODULES = YES;
				CLANG_ENABLE_OBJC_ARC = YES;
				CLANG_ENABLE_OBJC_WEAK = YES;
				CLANG_WARN_BLOCK_CAPTURE_AUTORELEASING = YES;
				CLANG_WARN_BOOL_CONVERSION = YES;
				CLANG_WARN_COMMA = YES;
				CLANG_WARN_CONSTANT_CONVERSION = YES;
				CLANG_WARN_DEPRECATED_OBJC_IMPLEMENTATIONS = YES;
				CLANG_WARN_DIRECT_OBJC_ISA_USAGE = YES_ERROR;
				CLANG_WARN_DOCUMENTATION_COMMENTS = YES;
				CLANG_WARN_EMPTY_BODY = YES;
				CLANG_WARN_ENUM_CONVERSION = YES;
				CLANG_WARN_INFINITE_RECURSION = YES;
				CLANG_WARN_INT_CONVERSION = YES;
				CLANG_WARN_NON_LITERAL_NULL_CONVERSION = YES;
				CLANG_WARN_OBJC_IMPLICIT_RETAIN_SELF = YES;
				CLANG_WARN_OBJC_LITERAL_CONVERSION = YES;
				CLANG_WARN_OBJC_ROOT_CLASS = YES_ERROR;
				CLANG_WARN_QUOTED_INCLUDE_IN_FRAMEWORK_HEADER = YES;
				CLANG_WARN_RANGE_LOOP_ANALYSIS = YES;
				CLANG_WARN_STRICT_PROTOTYPES = YES;
				CLANG_WARN_SUSPICIOUS_MOVE = YES;
				CLANG_WARN_UNGUARDED_AVAILABILITY = YES_AGGRESSIVE;
				CLANG_WARN_UNREACHABLE_CODE = YES;
				CLANG_WARN__DUPLICATE_METHOD_MATCH = YES;
				COPY_PHASE_STRIP = NO;
				DEBUG_INFORMATION_FORMAT = dwarf;
				ENABLE_STRICT_OBJC_MSGSEND = YES;
				ENABLE_TESTABILITY = YES;
				GCC_C_LANGUAGE_STANDARD = gnu11;
				GCC_DYNAMIC_NO_PIC = NO;
				GCC_NO_COMMON_BLOCKS = YES;
				GCC_OPTIMIZATION_LEVEL = 0;
				GCC_PREPROCESSOR_DEFINITIONS = (
					"DEBUG=1",
					"$(inherited)",
				);
				GCC_WARN_64_TO_32_BIT_CONVERSION = YES;
				GCC_WARN_ABOUT_RETURN_TYPE = YES_ERROR;
				GCC_WARN_UNDECLARED_SELECTOR = YES;
				GCC_WARN_UNINITIALIZED_AUTOS = YES_AGGRESSIVE;
				GCC_WARN_UNUSED_FUNCTION = YES;
				GCC_WARN_UNUSED_VARIABLE = YES;
				IPHONEOS_DEPLOYMENT_TARGET = 15.0;
				MTL_ENABLE_DEBUG_INFO = INCLUDE_SOURCE;
				MTL_FAST_MATH = YES;
				ONLY_ACTIVE_ARCH = YES;
				SDKROOT = iphoneos;
				SWIFT_ACTIVE_COMPILATION_CONDITIONS = DEBUG;
				SWIFT_OPTIMIZATION_LEVEL = "-Onone";
			};
			name = Debug;
		};
		17A801BD27FCA04A00132340 /* Release */ = {
			isa = XCBuildConfiguration;
			buildSettings = {
				ALWAYS_SEARCH_USER_PATHS = NO;
				CLANG_ANALYZER_NONNULL = YES;
				CLANG_ANALYZER_NUMBER_OBJECT_CONVERSION = YES_AGGRESSIVE;
				CLANG_CXX_LANGUAGE_STANDARD = "gnu++17";
				CLANG_CXX_LIBRARY = "libc++";
				CLANG_ENABLE_MODULES = YES;
				CLANG_ENABLE_OBJC_ARC = YES;
				CLANG_ENABLE_OBJC_WEAK = YES;
				CLANG_WARN_BLOCK_CAPTURE_AUTORELEASING = YES;
				CLANG_WARN_BOOL_CONVERSION = YES;
				CLANG_WARN_COMMA = YES;
				CLANG_WARN_CONSTANT_CONVERSION = YES;
				CLANG_WARN_DEPRECATED_OBJC_IMPLEMENTATIONS = YES;
				CLANG_WARN_DIRECT_OBJC_ISA_USAGE = YES_ERROR;
				CLANG_WARN_DOCUMENTATION_COMMENTS = YES;
				CLANG_WARN_EMPTY_BODY = YES;
				CLANG_WARN_ENUM_CONVERSION = YES;
				CLANG_WARN_INFINITE_RECURSION = YES;
				CLANG_WARN_INT_CONVERSION = YES;
				CLANG_WARN_NON_LITERAL_NULL_CONVERSION = YES;
				CLANG_WARN_OBJC_IMPLICIT_RETAIN_SELF = YES;
				CLANG_WARN_OBJC_LITERAL_CONVERSION = YES;
				CLANG_WARN_OBJC_ROOT_CLASS = YES_ERROR;
				CLANG_WARN_QUOTED_INCLUDE_IN_FRAMEWORK_HEADER = YES;
				CLANG_WARN_RANGE_LOOP_ANALYSIS = YES;
				CLANG_WARN_STRICT_PROTOTYPES = YES;
				CLANG_WARN_SUSPICIOUS_MOVE = YES;
				CLANG_WARN_UNGUARDED_AVAILABILITY = YES_AGGRESSIVE;
				CLANG_WARN_UNREACHABLE_CODE = YES;
				CLANG_WARN__DUPLICATE_METHOD_MATCH = YES;
				COPY_PHASE_STRIP = NO;
				DEBUG_INFORMATION_FORMAT = "dwarf-with-dsym";
				ENABLE_NS_ASSERTIONS = NO;
				ENABLE_STRICT_OBJC_MSGSEND = YES;
				GCC_C_LANGUAGE_STANDARD = gnu11;
				GCC_NO_COMMON_BLOCKS = YES;
				GCC_WARN_64_TO_32_BIT_CONVERSION = YES;
				GCC_WARN_ABOUT_RETURN_TYPE = YES_ERROR;
				GCC_WARN_UNDECLARED_SELECTOR = YES;
				GCC_WARN_UNINITIALIZED_AUTOS = YES_AGGRESSIVE;
				GCC_WARN_UNUSED_FUNCTION = YES;
				GCC_WARN_UNUSED_VARIABLE = YES;
				IPHONEOS_DEPLOYMENT_TARGET = 15.0;
				MTL_ENABLE_DEBUG_INFO = NO;
				MTL_FAST_MATH = YES;
				SDKROOT = iphoneos;
				SWIFT_COMPILATION_MODE = wholemodule;
				SWIFT_OPTIMIZATION_LEVEL = "-O";
				VALIDATE_PRODUCT = YES;
			};
			name = Release;
		};
		17A801BF27FCA04A00132340 /* Debug */ = {
			isa = XCBuildConfiguration;
			buildSettings = {
				ASSETCATALOG_COMPILER_APPICON_NAME = AppIcon;
				ASSETCATALOG_COMPILER_GLOBAL_ACCENT_COLOR_NAME = AccentColor;
				CODE_SIGN_STYLE = Automatic;
				CURRENT_PROJECT_VERSION = 1;
				GENERATE_INFOPLIST_FILE = YES;
				INFOPLIST_FILE = MyLocationApp/Info.plist;
				INFOPLIST_KEY_UIApplicationSupportsIndirectInputEvents = YES;
				INFOPLIST_KEY_UILaunchStoryboardName = LaunchScreen;
				INFOPLIST_KEY_UIMainStoryboardFile = Main;
				INFOPLIST_KEY_UISupportedInterfaceOrientations_iPad = "UIInterfaceOrientationPortrait UIInterfaceOrientationPortraitUpsideDown UIInterfaceOrientationLandscapeLeft UIInterfaceOrientationLandscapeRight";
				INFOPLIST_KEY_UISupportedInterfaceOrientations_iPhone = "UIInterfaceOrientationPortrait UIInterfaceOrientationLandscapeLeft UIInterfaceOrientationLandscapeRight";
				LD_RUNPATH_SEARCH_PATHS = (
					"$(inherited)",
					"@executable_path/Frameworks",
				);
				MARKETING_VERSION = 1.0;
				PRODUCT_BUNDLE_IDENTIFIER = com.amitav.mylocation.MyLocationApp;
				PRODUCT_NAME = "$(TARGET_NAME)";
				SWIFT_EMIT_LOC_STRINGS = YES;
				SWIFT_VERSION = 5.0;
				TARGETED_DEVICE_FAMILY = "1,2";
			};
			name = Debug;
		};
		17A801C027FCA04A00132340 /* Release */ = {
			isa = XCBuildConfiguration;
			buildSettings = {
				ASSETCATALOG_COMPILER_APPICON_NAME = AppIcon;
				ASSETCATALOG_COMPILER_GLOBAL_ACCENT_COLOR_NAME = AccentColor;
				CODE_SIGN_STYLE = Automatic;
				CURRENT_PROJECT_VERSION = 1;
				GENERATE_INFOPLIST_FILE = YES;
				INFOPLIST_FILE = MyLocationApp/Info.plist;
				INFOPLIST_KEY_UIApplicationSupportsIndirectInputEvents = YES;
				INFOPLIST_KEY_UILaunchStoryboardName = LaunchScreen;
				INFOPLIST_KEY_UIMainStoryboardFile = Main;
				INFOPLIST_KEY_UISupportedInterfaceOrientations_iPad = "UIInterfaceOrientationPortrait UIInterfaceOrientationPortraitUpsideDown UIInterfaceOrientationLandscapeLeft UIInterfaceOrientationLandscapeRight";
				INFOPLIST_KEY_UISupportedInterfaceOrientations_iPhone = "UIInterfaceOrientationPortrait UIInterfaceOrientationLandscapeLeft UIInterfaceOrientationLandscapeRight";
				LD_RUNPATH_SEARCH_PATHS = (
					"$(inherited)",
					"@executable_path/Frameworks",
				);
				MARKETING_VERSION = 1.0;
				PRODUCT_BUNDLE_IDENTIFIER = com.amitav.mylocation.MyLocationApp;
				PRODUCT_NAME = "$(TARGET_NAME)";
				SWIFT_EMIT_LOC_STRINGS = YES;
				SWIFT_VERSION = 5.0;
				TARGETED_DEVICE_FAMILY = "1,2";
			};
			name = Release;
		};
		17A801C227FCA04A00132340 /* Debug */ = {
			isa = XCBuildConfiguration;
			buildSettings = {
				ALWAYS_EMBED_SWIFT_STANDARD_LIBRARIES = YES;
				BUNDLE_LOADER = "$(TEST_HOST)";
				CODE_SIGN_STYLE = Automatic;
				CURRENT_PROJECT_VERSION = 1;
				GENERATE_INFOPLIST_FILE = YES;
				IPHONEOS_DEPLOYMENT_TARGET = 15.0;
				LD_RUNPATH_SEARCH_PATHS = (
					"$(inherited)",
					"@executable_path/Frameworks",
					"@loader_path/Frameworks",
				);
				MARKETING_VERSION = 1.0;
				PRODUCT_BUNDLE_IDENTIFIER = com.amitav.mylocation.MyLocationAppTests;
				PRODUCT_NAME = "$(TARGET_NAME)";
				SWIFT_EMIT_LOC_STRINGS = NO;
				SWIFT_VERSION = 5.0;
				TARGETED_DEVICE_FAMILY = "1,2";
				TEST_HOST = "$(BUILT_PRODUCTS_DIR)/MyLocationApp.app/MyLocationApp";
			};
			name = Debug;
		};
		17A801C327FCA04A00132340 /* Release */ = {
			isa = XCBuildConfiguration;
			buildSettings = {
				ALWAYS_EMBED_SWIFT_STANDARD_LIBRARIES = YES;
				BUNDLE_LOADER = "$(TEST_HOST)";
				CODE_SIGN_STYLE = Automatic;
				CURRENT_PROJECT_VERSION = 1;
				GENERATE_INFOPLIST_FILE = YES;
				IPHONEOS_DEPLOYMENT_TARGET = 15.0;
				LD_RUNPATH_SEARCH_PATHS = (
					"$(inherited)",
					"@executable_path/Frameworks",
					"@loader_path/Frameworks",
				);
				MARKETING_VERSION = 1.0;
				PRODUCT_BUNDLE_IDENTIFIER = com.amitav.mylocation.MyLocationAppTests;
				PRODUCT_NAME = "$(TARGET_NAME)";
				SWIFT_EMIT_LOC_STRINGS = NO;
				SWIFT_VERSION = 5.0;
				TARGETED_DEVICE_FAMILY = "1,2";
				TEST_HOST = "$(BUILT_PRODUCTS_DIR)/MyLocationApp.app/MyLocationApp";
			};
			name = Release;
		};
		17A801C527FCA04A00132340 /* Debug */ = {
			isa = XCBuildConfiguration;
			buildSettings = {
				ALWAYS_EMBED_SWIFT_STANDARD_LIBRARIES = YES;
				CODE_SIGN_STYLE = Automatic;
				CURRENT_PROJECT_VERSION = 1;
				GENERATE_INFOPLIST_FILE = YES;
				LD_RUNPATH_SEARCH_PATHS = (
					"$(inherited)",
					"@executable_path/Frameworks",
					"@loader_path/Frameworks",
				);
				MARKETING_VERSION = 1.0;
				PRODUCT_BUNDLE_IDENTIFIER = com.amitav.mylocation.MyLocationAppUITests;
				PRODUCT_NAME = "$(TARGET_NAME)";
				SWIFT_EMIT_LOC_STRINGS = NO;
				SWIFT_VERSION = 5.0;
				TARGETED_DEVICE_FAMILY = "1,2";
				TEST_TARGET_NAME = MyLocationApp;
			};
			name = Debug;
		};
		17A801C627FCA04A00132340 /* Release */ = {
			isa = XCBuildConfiguration;
			buildSettings = {
				ALWAYS_EMBED_SWIFT_STANDARD_LIBRARIES = YES;
				CODE_SIGN_STYLE = Automatic;
				CURRENT_PROJECT_VERSION = 1;
				GENERATE_INFOPLIST_FILE = YES;
				LD_RUNPATH_SEARCH_PATHS = (
					"$(inherited)",
					"@executable_path/Frameworks",
					"@loader_path/Frameworks",
				);
				MARKETING_VERSION = 1.0;
				PRODUCT_BUNDLE_IDENTIFIER = com.amitav.mylocation.MyLocationAppUITests;
				PRODUCT_NAME = "$(TARGET_NAME)";
				SWIFT_EMIT_LOC_STRINGS = NO;
				SWIFT_VERSION = 5.0;
				TARGETED_DEVICE_FAMILY = "1,2";
				TEST_TARGET_NAME = MyLocationApp;
			};
			name = Release;
		};
/* End XCBuildConfiguration section */

/* Begin XCConfigurationList section */
		17A8018F27FCA04700132340 /* Build configuration list for PBXProject "MyLocationApp" */ = {
			isa = XCConfigurationList;
			buildConfigurations = (
				17A801BC27FCA04A00132340 /* Debug */,
				17A801BD27FCA04A00132340 /* Release */,
			);
			defaultConfigurationIsVisible = 0;
			defaultConfigurationName = Release;
		};
		17A801BE27FCA04A00132340 /* Build configuration list for PBXNativeTarget "MyLocationApp" */ = {
			isa = XCConfigurationList;
			buildConfigurations = (
				17A801BF27FCA04A00132340 /* Debug */,
				17A801C027FCA04A00132340 /* Release */,
			);
			defaultConfigurationIsVisible = 0;
			defaultConfigurationName = Release;
		};
		17A801C127FCA04A00132340 /* Build configuration list for PBXNativeTarget "MyLocationAppTests" */ = {
			isa = XCConfigurationList;
			buildConfigurations = (
				17A801C227FCA04A00132340 /* Debug */,
				17A801C327FCA04A00132340 /* Release */,
			);
			defaultConfigurationIsVisible = 0;
			defaultConfigurationName = Release;
		};
		17A801C427FCA04A00132340 /* Build configuration list for PBXNativeTarget "MyLocationAppUITests" */ = {
			isa = XCConfigurationList;
			buildConfigurations = (
				17A801C527FCA04A00132340 /* Debug */,
				17A801C627FCA04A00132340 /* Release */,
			);
			defaultConfigurationIsVisible = 0;
			defaultConfigurationName = Release;
		};
/* End XCConfigurationList section */
	};
	rootObject = 17A8018C27FCA04700132340 /* Project object */;
}
